<?xml version="1.0" encoding="utf-8"?>
<Project ToolsVersion="16.0" xmlns="http://schemas.microsoft.com/developer/msbuild/2003">
  <ItemGroup>
    <CustomBuild Include="C:\DEV\AnimHost\cmake_build\CMakeFiles\1aa7316f1d3fb9d09fc2d85a2157893d\generate.stamp.rule">
      <Filter>CMake Rules</Filter>
    </CustomBuild>
  </ItemGroup>
  <ItemGroup>
    <Filter Include="CMake Rules">
      <UniqueIdentifier>{A50D4520-E4F1-3694-9F78-4AA3E9BD9024}</UniqueIdentifier>
    </Filter>
  </ItemGroup>
</Project>
