<?xml version="1.0" encoding="utf-8"?>
<Project ToolsVersion="16.0" xmlns="http://schemas.microsoft.com/developer/msbuild/2003">
  <ItemGroup>
    <ClCompile Include="C:\DEV\AnimHost\cmake_build\animHost_Plugins\ExamplePlugin\ExamplePlugin_autogen\mocs_compilation_Debug.cpp">
      <Filter>Source Files</Filter>
    </ClCompile>
    <ClCompile Include="C:\DEV\AnimHost\AnimHost\animHost_Plugins\ExamplePlugin\exampleplugin.cpp">
      <Filter>Source Files</Filter>
    </ClCompile>
    <ClCompile Include="C:\DEV\AnimHost\cmake_build\animHost_Plugins\ExamplePlugin\ExamplePlugin_autogen\mocs_compilation_Release.cpp">
      <Filter>Source Files</Filter>
    </ClCompile>
  </ItemGroup>
  <ItemGroup>
    <ClInclude Include="C:\DEV\AnimHost\AnimHost\animHost_Plugins\ExamplePlugin\exampleplugin.h">
      <Filter>Header Files</Filter>
    </ClInclude>
    <ClInclude Include="C:\DEV\AnimHost\AnimHost\animHost_Plugins\ExamplePlugin\exampleplugin_global.h">
      <Filter>Header Files</Filter>
    </ClInclude>
  </ItemGroup>
  <ItemGroup>
    <CustomBuild Include="C:\DEV\AnimHost\AnimHost\animHost_Plugins\ExamplePlugin\CMakeLists.txt" />
  </ItemGroup>
  <ItemGroup>
    <Filter Include="Header Files">
      <UniqueIdentifier>{E7B258EF-D3E3-3807-A57D-8DAA9498B8AC}</UniqueIdentifier>
    </Filter>
    <Filter Include="Source Files">
      <UniqueIdentifier>{4FFEC408-83A8-3181-887A-B84746C90FDF}</UniqueIdentifier>
    </Filter>
  </ItemGroup>
</Project>
