<?xml version="1.0" encoding="utf-8"?>
<Project ToolsVersion="16.0" xmlns="http://schemas.microsoft.com/developer/msbuild/2003">
  <ItemGroup>
    <ClCompile Include="C:\DEV\AnimHost\cmake_build\core\core_autogen\mocs_compilation_Debug.cpp">
      <Filter>Source Files</Filter>
    </ClCompile>
    <ClCompile Include="C:\DEV\AnimHost\AnimHost\core\animhost.cpp">
      <Filter>Source Files</Filter>
    </ClCompile>
    <ClCompile Include="C:\DEV\AnimHost\AnimHost\core\animhostnode.cpp">
      <Filter>Source Files</Filter>
    </ClCompile>
    <ClCompile Include="C:\DEV\AnimHost\AnimHost\core\main.cpp">
      <Filter>Source Files</Filter>
    </ClCompile>
    <ClCompile Include="C:\DEV\AnimHost\cmake_build\core\core_autogen\mocs_compilation_Release.cpp">
      <Filter>Source Files</Filter>
    </ClCompile>
  </ItemGroup>
  <ItemGroup>
    <ClInclude Include="C:\DEV\AnimHost\AnimHost\core\animhost.h">
      <Filter>Header Files</Filter>
    </ClInclude>
    <ClInclude Include="C:\DEV\AnimHost\AnimHost\core\animhostnode.h">
      <Filter>Header Files</Filter>
    </ClInclude>
    <ClInclude Include="C:\DEV\AnimHost\AnimHost\core\commondatatypes.h">
      <Filter>Header Files</Filter>
    </ClInclude>
  </ItemGroup>
  <ItemGroup>
    <CustomBuild Include="C:\DEV\AnimHost\AnimHost\core\CMakeLists.txt" />
  </ItemGroup>
  <ItemGroup>
    <Filter Include="Header Files">
      <UniqueIdentifier>{E7B258EF-D3E3-3807-A57D-8DAA9498B8AC}</UniqueIdentifier>
    </Filter>
    <Filter Include="Source Files">
      <UniqueIdentifier>{4FFEC408-83A8-3181-887A-B84746C90FDF}</UniqueIdentifier>
    </Filter>
  </ItemGroup>
</Project>
